
Microsoft Visual Studio Solution File, Format Version 12.00
Project("{2150E333-8FDC-42A3-9474-1A3956D46DE8}") = "src", "src", "{46A9C67B-1176-454B-AC55-F3B91C0542E8}"
EndProject
Project("{2150E333-8FDC-42A3-9474-1A3956D46DE8}") = "tests", "tests", "{7EF2156C-8E59-445F-90B9-92B4E9AC28A0}"
EndProject
Project("{2150E333-8FDC-42A3-9474-1A3956D46DE8}") = "BuildingBlocks", "BuildingBlocks", "{094BBE20-E50E-4847-9BF3-F3C9118E99A1}"
EndProject
Project("{2150E333-8FDC-42A3-9474-1A3956D46DE8}") = "EventBus", "EventBus", "{664E2ABF-E43D-4678-B4E9-3BD1CCA671AE}"
EndProject
Project("{2150E333-8FDC-42A3-9474-1A3956D46DE8}") = "tests", "tests", "{3A4A0E17-9710-443A-A256-2FE6453888A3}"
EndProject
Project("{FAE04EC0-301F-11D3-BF4B-00C04F79EFBC}") = "EventBus", "src\BuildingBlocks\EventBus\EventBus\EventBus.csproj", "{116C7DAE-EB1C-4B6C-BB89-1C32D1648BEB}"
EndProject
Project("{FAE04EC0-301F-11D3-BF4B-00C04F79EFBC}") = "EventBusRabbitMQ", "src\BuildingBlocks\EventBus\EventBusRabbitMQ\EventBusRabbitMQ.csproj", "{13BDFEE8-E6C2-4DC8-9F19-5BC171B05739}"
EndProject
Project("{FAE04EC0-301F-11D3-BF4B-00C04F79EFBC}") = "IntegrationEventLogEF", "src\BuildingBlocks\EventBus\IntegrationEventLogEF\IntegrationEventLogEF.csproj", "{2A48F0C3-5560-447F-8313-8ABC6789B825}"
EndProject
Project("{FAE04EC0-301F-11D3-BF4B-00C04F79EFBC}") = "EventBus.Tests", "src\BuildingBlocks\EventBus\EventBus.Tests\EventBus.Tests.csproj", "{45C75C89-6480-4335-B23C-1C90E1701E39}"
EndProject
Global
	GlobalSection(SolutionConfigurationPlatforms) = preSolution
		Debug|Any CPU = Debug|Any CPU
		Release|Any CPU = Release|Any CPU
	EndGlobalSection
	GlobalSection(ProjectConfigurationPlatforms) = postSolution
		{116C7DAE-EB1C-4B6C-BB89-1C32D1648BEB}.Debug|Any CPU.ActiveCfg = Debug|Any CPU
		{116C7DAE-EB1C-4B6C-BB89-1C32D1648BEB}.Debug|Any CPU.Build.0 = Debug|Any CPU
		{116C7DAE-EB1C-4B6C-BB89-1C32D1648BEB}.Release|Any CPU.ActiveCfg = Release|Any CPU
		{116C7DAE-EB1C-4B6C-BB89-1C32D1648BEB}.Release|Any CPU.Build.0 = Release|Any CPU
		{13BDFEE8-E6C2-4DC8-9F19-5BC171B05739}.Debug|Any CPU.ActiveCfg = Debug|Any CPU
		{13BDFEE8-E6C2-4DC8-9F19-5BC171B05739}.Debug|Any CPU.Build.0 = Debug|Any CPU
		{13BDFEE8-E6C2-4DC8-9F19-5BC171B05739}.Release|Any CPU.ActiveCfg = Release|Any CPU
		{13BDFEE8-E6C2-4DC8-9F19-5BC171B05739}.Release|Any CPU.Build.0 = Release|Any CPU
		{2A48F0C3-5560-447F-8313-8ABC6789B825}.Debug|Any CPU.ActiveCfg = Debug|Any CPU
		{2A48F0C3-5560-447F-8313-8ABC6789B825}.Debug|Any CPU.Build.0 = Debug|Any CPU
		{2A48F0C3-5560-447F-8313-8ABC6789B825}.Release|Any CPU.ActiveCfg = Release|Any CPU
		{2A48F0C3-5560-447F-8313-8ABC6789B825}.Release|Any CPU.Build.0 = Release|Any CPU
		{45C75C89-6480-4335-B23C-1C90E1701E39}.Debug|Any CPU.ActiveCfg = Debug|Any CPU
		{45C75C89-6480-4335-B23C-1C90E1701E39}.Debug|Any CPU.Build.0 = Debug|Any CPU
		{45C75C89-6480-4335-B23C-1C90E1701E39}.Release|Any CPU.ActiveCfg = Release|Any CPU
		{45C75C89-6480-4335-B23C-1C90E1701E39}.Release|Any CPU.Build.0 = Release|Any CPU
	EndGlobalSection
	GlobalSection(NestedProjects) = preSolution
		{094BBE20-E50E-4847-9BF3-F3C9118E99A1} = {46A9C67B-1176-454B-AC55-F3B91C0542E8}
		{664E2ABF-E43D-4678-B4E9-3BD1CCA671AE} = {094BBE20-E50E-4847-9BF3-F3C9118E99A1}
		{3A4A0E17-9710-443A-A256-2FE6453888A3} = {664E2ABF-E43D-4678-B4E9-3BD1CCA671AE}
		{116C7DAE-EB1C-4B6C-BB89-1C32D1648BEB} = {664E2ABF-E43D-4678-B4E9-3BD1CCA671AE}
		{13BDFEE8-E6C2-4DC8-9F19-5BC171B05739} = {664E2ABF-E43D-4678-B4E9-3BD1CCA671AE}
		{2A48F0C3-5560-447F-8313-8ABC6789B825} = {664E2ABF-E43D-4678-B4E9-3BD1CCA671AE}
		{45C75C89-6480-4335-B23C-1C90E1701E39} = {3A4A0E17-9710-443A-A256-2FE6453888A3}
	EndGlobalSection
EndGlobal
